
Microsoft Visual Studio Solution File, Format Version 11.00
# Visual Studio 2010
Project("{FAE04EC0-301F-11D3-BF4B-00C04F79EFBC}") = "GameLib", "GameLib\GameLib.csproj", "{A6AC5841-FAAB-44AA-A9A1-41FE323DB8BB}"
EndProject
Project("{FAE04EC0-301F-11D3-BF4B-00C04F79EFBC}") = "GameClient", "GameClient\GameClient.csproj", "{EE30ABF6-D55A-4B4B-B1AE-696422AE47C2}"
EndProject
Project("{FAE04EC0-301F-11D3-BF4B-00C04F79EFBC}") = "MapEditor", "MapEditor\MapEditor.csproj", "{487B12CD-ED80-456C-AEC2-65BE35C0562F}"
EndProject
Project("{FAE04EC0-301F-11D3-BF4B-00C04F79EFBC}") = "GraphicsLib", "GraphicsLib\GraphicsLib.csproj", "{C892876D-8CD8-4C33-BC57-7339F7EAB767}"
EndProject
Project("{FAE04EC0-301F-11D3-BF4B-00C04F79EFBC}") = "DedicatedServer", "DedicatedServer\DedicatedServer.csproj", "{8FF5687B-1401-4BE1-91E4-9FC37E1D3D7C}"
EndProject
Global
	GlobalSection(SolutionConfigurationPlatforms) = preSolution
		Debug|Any CPU = Debug|Any CPU
		Debug|Mixed Platforms = Debug|Mixed Platforms
		Debug|x86 = Debug|x86
		Release|Any CPU = Release|Any CPU
		Release|Mixed Platforms = Release|Mixed Platforms
		Release|x86 = Release|x86
	EndGlobalSection
	GlobalSection(ProjectConfigurationPlatforms) = postSolution
		{A6AC5841-FAAB-44AA-A9A1-41FE323DB8BB}.Debug|Any CPU.ActiveCfg = Debug|Any CPU
		{A6AC5841-FAAB-44AA-A9A1-41FE323DB8BB}.Debug|Any CPU.Build.0 = Debug|Any CPU
		{A6AC5841-FAAB-44AA-A9A1-41FE323DB8BB}.Debug|Mixed Platforms.ActiveCfg = Debug|Any CPU
		{A6AC5841-FAAB-44AA-A9A1-41FE323DB8BB}.Debug|Mixed Platforms.Build.0 = Debug|Any CPU
		{A6AC5841-FAAB-44AA-A9A1-41FE323DB8BB}.Debug|x86.ActiveCfg = Debug|Any CPU
		{A6AC5841-FAAB-44AA-A9A1-41FE323DB8BB}.Release|Any CPU.ActiveCfg = Release|Any CPU
		{A6AC5841-FAAB-44AA-A9A1-41FE323DB8BB}.Release|Any CPU.Build.0 = Release|Any CPU
		{A6AC5841-FAAB-44AA-A9A1-41FE323DB8BB}.Release|Mixed Platforms.ActiveCfg = Release|Any CPU
		{A6AC5841-FAAB-44AA-A9A1-41FE323DB8BB}.Release|Mixed Platforms.Build.0 = Release|Any CPU
		{A6AC5841-FAAB-44AA-A9A1-41FE323DB8BB}.Release|x86.ActiveCfg = Release|Any CPU
		{EE30ABF6-D55A-4B4B-B1AE-696422AE47C2}.Debug|Any CPU.ActiveCfg = Debug|x86
		{EE30ABF6-D55A-4B4B-B1AE-696422AE47C2}.Debug|Any CPU.Build.0 = Debug|x86
		{EE30ABF6-D55A-4B4B-B1AE-696422AE47C2}.Debug|Mixed Platforms.ActiveCfg = Debug|x86
		{EE30ABF6-D55A-4B4B-B1AE-696422AE47C2}.Debug|Mixed Platforms.Build.0 = Debug|x86
		{EE30ABF6-D55A-4B4B-B1AE-696422AE47C2}.Debug|x86.ActiveCfg = Debug|x86
		{EE30ABF6-D55A-4B4B-B1AE-696422AE47C2}.Debug|x86.Build.0 = Debug|x86
		{EE30ABF6-D55A-4B4B-B1AE-696422AE47C2}.Release|Any CPU.ActiveCfg = Release|x86
		{EE30ABF6-D55A-4B4B-B1AE-696422AE47C2}.Release|Mixed Platforms.ActiveCfg = Release|x86
		{EE30ABF6-D55A-4B4B-B1AE-696422AE47C2}.Release|Mixed Platforms.Build.0 = Release|x86
		{EE30ABF6-D55A-4B4B-B1AE-696422AE47C2}.Release|x86.ActiveCfg = Release|x86
		{EE30ABF6-D55A-4B4B-B1AE-696422AE47C2}.Release|x86.Build.0 = Release|x86
		{487B12CD-ED80-456C-AEC2-65BE35C0562F}.Debug|Any CPU.ActiveCfg = Debug|x86
		{487B12CD-ED80-456C-AEC2-65BE35C0562F}.Debug|Any CPU.Build.0 = Debug|x86
		{487B12CD-ED80-456C-AEC2-65BE35C0562F}.Debug|Mixed Platforms.ActiveCfg = Debug|x86
		{487B12CD-ED80-456C-AEC2-65BE35C0562F}.Debug|Mixed Platforms.Build.0 = Debug|x86
		{487B12CD-ED80-456C-AEC2-65BE35C0562F}.Debug|x86.ActiveCfg = Debug|x86
		{487B12CD-ED80-456C-AEC2-65BE35C0562F}.Debug|x86.Build.0 = Debug|x86
		{487B12CD-ED80-456C-AEC2-65BE35C0562F}.Release|Any CPU.ActiveCfg = Release|x86
		{487B12CD-ED80-456C-AEC2-65BE35C0562F}.Release|Mixed Platforms.ActiveCfg = Release|x86
		{487B12CD-ED80-456C-AEC2-65BE35C0562F}.Release|Mixed Platforms.Build.0 = Release|x86
		{487B12CD-ED80-456C-AEC2-65BE35C0562F}.Release|x86.ActiveCfg = Release|x86
		{487B12CD-ED80-456C-AEC2-65BE35C0562F}.Release|x86.Build.0 = Release|x86
		{C892876D-8CD8-4C33-BC57-7339F7EAB767}.Debug|Any CPU.ActiveCfg = Debug|Any CPU
		{C892876D-8CD8-4C33-BC57-7339F7EAB767}.Debug|Any CPU.Build.0 = Debug|Any CPU
		{C892876D-8CD8-4C33-BC57-7339F7EAB767}.Debug|Mixed Platforms.ActiveCfg = Debug|Any CPU
		{C892876D-8CD8-4C33-BC57-7339F7EAB767}.Debug|Mixed Platforms.Build.0 = Debug|Any CPU
		{C892876D-8CD8-4C33-BC57-7339F7EAB767}.Debug|x86.ActiveCfg = Debug|Any CPU
		{C892876D-8CD8-4C33-BC57-7339F7EAB767}.Release|Any CPU.ActiveCfg = Release|Any CPU
		{C892876D-8CD8-4C33-BC57-7339F7EAB767}.Release|Any CPU.Build.0 = Release|Any CPU
		{C892876D-8CD8-4C33-BC57-7339F7EAB767}.Release|Mixed Platforms.ActiveCfg = Release|Any CPU
		{C892876D-8CD8-4C33-BC57-7339F7EAB767}.Release|Mixed Platforms.Build.0 = Release|Any CPU
		{C892876D-8CD8-4C33-BC57-7339F7EAB767}.Release|x86.ActiveCfg = Release|Any CPU
		{8FF5687B-1401-4BE1-91E4-9FC37E1D3D7C}.Debug|Any CPU.ActiveCfg = Debug|x86
		{8FF5687B-1401-4BE1-91E4-9FC37E1D3D7C}.Debug|Mixed Platforms.ActiveCfg = Debug|x86
		{8FF5687B-1401-4BE1-91E4-9FC37E1D3D7C}.Debug|Mixed Platforms.Build.0 = Debug|x86
		{8FF5687B-1401-4BE1-91E4-9FC37E1D3D7C}.Debug|x86.ActiveCfg = Debug|x86
		{8FF5687B-1401-4BE1-91E4-9FC37E1D3D7C}.Debug|x86.Build.0 = Debug|x86
		{8FF5687B-1401-4BE1-91E4-9FC37E1D3D7C}.Release|Any CPU.ActiveCfg = Release|x86
		{8FF5687B-1401-4BE1-91E4-9FC37E1D3D7C}.Release|Mixed Platforms.ActiveCfg = Release|x86
		{8FF5687B-1401-4BE1-91E4-9FC37E1D3D7C}.Release|Mixed Platforms.Build.0 = Release|x86
		{8FF5687B-1401-4BE1-91E4-9FC37E1D3D7C}.Release|x86.ActiveCfg = Release|x86
		{8FF5687B-1401-4BE1-91E4-9FC37E1D3D7C}.Release|x86.Build.0 = Release|x86
	EndGlobalSection
	GlobalSection(SolutionProperties) = preSolution
		HideSolutionNode = FALSE
	EndGlobalSection
EndGlobal
